
Microsoft Visual Studio Solution File, Format Version 12.00
# Visual Studio Version 17
VisualStudioVersion = 17.9.34616.47
MinimumVisualStudioVersion = 10.0.40219.1
Project("{8BC9CEB8-8B4A-11D0-8D11-00A0C91BC942}") = "202127064_이지호_과제-001", "202127064_이지호_과제-001\202127064_이지호_과제-001.vcxproj", "{E4345B3F-47E8-4E93-BB59-D91DC8090A52}"
EndProject
Global
	GlobalSection(SolutionConfigurationPlatforms) = preSolution
		Debug|x64 = Debug|x64
		Debug|x86 = Debug|x86
		Release|x64 = Release|x64
		Release|x86 = Release|x86
	EndGlobalSection
	GlobalSection(ProjectConfigurationPlatforms) = postSolution
		{E4345B3F-47E8-4E93-BB59-D91DC8090A52}.Debug|x64.ActiveCfg = Debug|x64
		{E4345B3F-47E8-4E93-BB59-D91DC8090A52}.Debug|x64.Build.0 = Debug|x64
		{E4345B3F-47E8-4E93-BB59-D91DC8090A52}.Debug|x86.ActiveCfg = Debug|Win32
		{E4345B3F-47E8-4E93-BB59-D91DC8090A52}.Debug|x86.Build.0 = Debug|Win32
		{E4345B3F-47E8-4E93-BB59-D91DC8090A52}.Release|x64.ActiveCfg = Release|x64
		{E4345B3F-47E8-4E93-BB59-D91DC8090A52}.Release|x64.Build.0 = Release|x64
		{E4345B3F-47E8-4E93-BB59-D91DC8090A52}.Release|x86.ActiveCfg = Release|Win32
		{E4345B3F-47E8-4E93-BB59-D91DC8090A52}.Release|x86.Build.0 = Release|Win32
	EndGlobalSection
	GlobalSection(SolutionProperties) = preSolution
		HideSolutionNode = FALSE
	EndGlobalSection
	GlobalSection(ExtensibilityGlobals) = postSolution
		SolutionGuid = {2AC0F0A0-9ADF-4F8F-908B-BCEF1317E349}
	EndGlobalSection
EndGlobal
